
Microsoft Visual Studio Solution File, Format Version 12.00
# Visual Studio Version 16
VisualStudioVersion = 16.0.29613.14
MinimumVisualStudioVersion = 10.0.40219.1
Project("{2150E333-8FDC-42A3-9474-1A3956D46DE8}") = "src", "src", "{4957F366-B78F-4E50-9BE3-44165A8F9C83}"
EndProject
Project("{FAE04EC0-301F-11D3-BF4B-00C04F79EFBC}") = "AlexaBotDemo", "src\AlexaBotDemo\AlexaBotDemo.csproj", "{6694F7AD-82F6-45CD-8F21-6EC3EACFDEE0}"
EndProject
Global
	GlobalSection(SolutionConfigurationPlatforms) = preSolution
		Debug|Any CPU = Debug|Any CPU
		Release|Any CPU = Release|Any CPU
	EndGlobalSection
	GlobalSection(ProjectConfigurationPlatforms) = postSolution
		{6694F7AD-82F6-45CD-8F21-6EC3EACFDEE0}.Debug|Any CPU.ActiveCfg = Debug|Any CPU
		{6694F7AD-82F6-45CD-8F21-6EC3EACFDEE0}.Debug|Any CPU.Build.0 = Debug|Any CPU
		{6694F7AD-82F6-45CD-8F21-6EC3EACFDEE0}.Release|Any CPU.ActiveCfg = Release|Any CPU
		{6694F7AD-82F6-45CD-8F21-6EC3EACFDEE0}.Release|Any CPU.Build.0 = Release|Any CPU
	EndGlobalSection
	GlobalSection(SolutionProperties) = preSolution
		HideSolutionNode = FALSE
	EndGlobalSection
	GlobalSection(NestedProjects) = preSolution
		{6694F7AD-82F6-45CD-8F21-6EC3EACFDEE0} = {4957F366-B78F-4E50-9BE3-44165A8F9C83}
	EndGlobalSection
	GlobalSection(ExtensibilityGlobals) = postSolution
		SolutionGuid = {641114C9-B469-482D-B57F-EED22751B6BC}
	EndGlobalSection
EndGlobal
